<?xml version="1.0" encoding="utf-8"?>
<Project ToolsVersion="4.0" xmlns="http://schemas.microsoft.com/developer/msbuild/2003">
  <ItemGroup>
    <Filter Include="Source Files">
      <UniqueIdentifier>{4FC737F1-C7A5-4376-A066-2A32D752A2FF}</UniqueIdentifier>
      <Extensions>cpp;c;cc;cxx;c++;cppm;ixx;def;odl;idl;hpj;bat;asm;asmx</Extensions>
    </Filter>
    <Filter Include="Header Files">
      <UniqueIdentifier>{93995380-89BD-4b04-88EB-625FBE52EBFB}</UniqueIdentifier>
      <Extensions>h;hh;hpp;hxx;h++;hm;inl;inc;ipp;xsd</Extensions>
    </Filter>
    <Filter Include="Resource Files">
      <UniqueIdentifier>{67DA6AB6-F800-4c08-8B7A-83BB121AAD01}</UniqueIdentifier>
      <Extensions>rc;ico;cur;bmp;dlg;rc2;rct;bin;rgs;gif;jpg;jpeg;jpe;resx;tiff;tif;png;wav;mfcribbon-ms</Extensions>
    </Filter>
    <Filter Include="Source Files\Views">
      <UniqueIdentifier>{399d3bce-d9d0-4205-8554-65593bad79c7}</UniqueIdentifier>
    </Filter>
    <Filter Include="Source Files\Models">
      <UniqueIdentifier>{9d80434a-25c9-44a3-98de-9fa89f108652}</UniqueIdentifier>
    </Filter>
    <Filter Include="Source Files\Controllers">
      <UniqueIdentifier>{ff2af8bb-cfc4-4870-a087-c1a31a412ef8}</UniqueIdentifier>
    </Filter>
    <Filter Include="Source Files\Utils">
      <UniqueIdentifier>{b66c0ad0-3641-46ee-82e5-bdad40702e2c}</UniqueIdentifier>
    </Filter>
    <Filter Include="Header Files\CustomEvents">
      <UniqueIdentifier>{df380228-cd79-4891-a42d-a896baf12ebd}</UniqueIdentifier>
    </Filter>
    <Filter Include="Header Files\Utils">
      <UniqueIdentifier>{790234fc-9975-48ce-ac9d-d81c7289087a}</UniqueIdentifier>
    </Filter>
    <Filter Include="Header Files\Models">
      <UniqueIdentifier>{1a35f16c-09a3-4b1b-83b4-8d7f1bf49549}</UniqueIdentifier>
    </Filter>
    <Filter Include="Header Files\Views">
      <UniqueIdentifier>{67338b35-b3c9-4b9c-9b26-15c30b14064e}</UniqueIdentifier>
    </Filter>
    <Filter Include="Header Files\Controllers">
      <UniqueIdentifier>{f93c0659-806c-4e76-9aa6-5246ec69701a}</UniqueIdentifier>
    </Filter>
  </ItemGroup>
  <ItemGroup>
    <ClCompile Include="main.cpp">
      <Filter>Source Files</Filter>
    </ClCompile>
    <ClCompile Include="LoginFrame.cpp">
      <Filter>Source Files\Views</Filter>
    </ClCompile>
    <ClCompile Include="LoginDto.cpp">
      <Filter>Source Files\Models</Filter>
    </ClCompile>
    <ClCompile Include="LoginController.cpp">
      <Filter>Source Files\Controllers</Filter>
    </ClCompile>
    <ClCompile Include="HomeFrame.cpp">
      <Filter>Source Files\Views</Filter>
    </ClCompile>
    <ClCompile Include="SignedUser.cpp">
      <Filter>Source Files\Models</Filter>
    </ClCompile>
    <ClCompile Include="User.cpp">
      <Filter>Source Files\Models</Filter>
    </ClCompile>
    <ClCompile Include="HomeController.cpp">
      <Filter>Source Files\Controllers</Filter>
    </ClCompile>
    <ClCompile Include="Router.cpp">
      <Filter>Source Files\Utils</Filter>
    </ClCompile>
    <ClCompile Include="Singletons.cpp">
      <Filter>Source Files\Utils</Filter>
    </ClCompile>
    <ClCompile Include="UsersFrame.cpp">
      <Filter>Source Files\Views</Filter>
    </ClCompile>
  </ItemGroup>
  <ItemGroup>
    <ClInclude Include="TransitionEvent.h">
      <Filter>Header Files\CustomEvents</Filter>
    </ClInclude>
    <ClInclude Include="GlobalEnums.hpp">
      <Filter>Header Files\Utils</Filter>
    </ClInclude>
    <ClInclude Include="Singletons.h">
      <Filter>Header Files\Utils</Filter>
    </ClInclude>
    <ClInclude Include="Router.h">
      <Filter>Header Files\Utils</Filter>
    </ClInclude>
    <ClInclude Include="LoginController.h">
      <Filter>Header Files\Controllers</Filter>
    </ClInclude>
    <ClInclude Include="HomeController.h">
      <Filter>Header Files\Controllers</Filter>
    </ClInclude>
    <ClInclude Include="HttpClient.hpp">
      <Filter>Header Files\Utils</Filter>
    </ClInclude>
    <ClInclude Include="User.h">
      <Filter>Header Files\Models</Filter>
    </ClInclude>
    <ClInclude Include="SignedUser.h">
      <Filter>Header Files\Models</Filter>
    </ClInclude>
    <ClInclude Include="LoginDto.h">
      <Filter>Header Files\Models</Filter>
    </ClInclude>
    <ClInclude Include="LoginFrame.h">
      <Filter>Header Files\Views</Filter>
    </ClInclude>
    <ClInclude Include="HomeFrame.h">
      <Filter>Header Files\Views</Filter>
    </ClInclude>
    <ClInclude Include="UsersFrame.h">
      <Filter>Header Files</Filter>
    </ClInclude>
  </ItemGroup>
</Project>